// !$*UTF8*$!
{
	archiveVersion = 1;
	classes = {
	};
	objectVersion = 56;
	objects = {

/* Begin PBXBuildFile section */
		451CE39A2C3BB04C00744ABB /* TodoViewController.swift in Sources */ = {isa = PBXBuildFile; fileRef = 451CE3992C3BB04C00744ABB /* TodoViewController.swift */; };
		451CE39E2C3BB55500744ABB /* FriendsPageViewController.swift in Sources */ = {isa = PBXBuildFile; fileRef = 451CE39D2C3BB55500744ABB /* FriendsPageViewController.swift */; };
		451E1DF82C3C587700C57855 /* AddfriendTableViewCell.swift in Sources */ = {isa = PBXBuildFile; fileRef = 451E1DF72C3C587700C57855 /* AddfriendTableViewCell.swift */; };
		451E1DFA2C3C683A00C57855 /* carViewCell.swift in Sources */ = {isa = PBXBuildFile; fileRef = 451E1DF92C3C683A00C57855 /* carViewCell.swift */; };
		456B52AA2C36345300F2C6D6 /* AppDelegate.swift in Sources */ = {isa = PBXBuildFile; fileRef = 456B52A92C36345300F2C6D6 /* AppDelegate.swift */; };
		456B52AC2C36345300F2C6D6 /* SceneDelegate.swift in Sources */ = {isa = PBXBuildFile; fileRef = 456B52AB2C36345300F2C6D6 /* SceneDelegate.swift */; };
		456B52AE2C36345300F2C6D6 /* ViewController.swift in Sources */ = {isa = PBXBuildFile; fileRef = 456B52AD2C36345300F2C6D6 /* ViewController.swift */; };
		456B52B12C36345300F2C6D6 /* Main.storyboard in Resources */ = {isa = PBXBuildFile; fileRef = 456B52AF2C36345300F2C6D6 /* Main.storyboard */; };
		456B52B32C36345500F2C6D6 /* Assets.xcassets in Resources */ = {isa = PBXBuildFile; fileRef = 456B52B22C36345500F2C6D6 /* Assets.xcassets */; };
		456B52B62C36345500F2C6D6 /* LaunchScreen.storyboard in Resources */ = {isa = PBXBuildFile; fileRef = 456B52B42C36345500F2C6D6 /* LaunchScreen.storyboard */; };
		456B52C02C3635EA00F2C6D6 /* CarViewController.swift in Sources */ = {isa = PBXBuildFile; fileRef = 456B52BF2C3635EA00F2C6D6 /* CarViewController.swift */; };
		4585D8B82C373A4900391AEF /* AssignTableViewController.swift in Sources */ = {isa = PBXBuildFile; fileRef = 4585D8B72C373A4900391AEF /* AssignTableViewController.swift */; };
/* End PBXBuildFile section */

/* Begin PBXFileReference section */
		451CE3992C3BB04C00744ABB /* TodoViewController.swift */ = {isa = PBXFileReference; lastKnownFileType = sourcecode.swift; path = TodoViewController.swift; sourceTree = "<group>"; };
		451CE39D2C3BB55500744ABB /* FriendsPageViewController.swift */ = {isa = PBXFileReference; lastKnownFileType = sourcecode.swift; path = FriendsPageViewController.swift; sourceTree = "<group>"; };
		451E1DF72C3C587700C57855 /* AddfriendTableViewCell.swift */ = {isa = PBXFileReference; lastKnownFileType = sourcecode.swift; path = AddfriendTableViewCell.swift; sourceTree = "<group>"; };
		451E1DF92C3C683A00C57855 /* carViewCell.swift */ = {isa = PBXFileReference; lastKnownFileType = sourcecode.swift; path = carViewCell.swift; sourceTree = "<group>"; };
		456B52A62C36345300F2C6D6 /* Lab6.app */ = {isa = PBXFileReference; explicitFileType = wrapper.application; includeInIndex = 0; path = Lab6.app; sourceTree = BUILT_PRODUCTS_DIR; };
		456B52A92C36345300F2C6D6 /* AppDelegate.swift */ = {isa = PBXFileReference; lastKnownFileType = sourcecode.swift; path = AppDelegate.swift; sourceTree = "<group>"; };
		456B52AB2C36345300F2C6D6 /* SceneDelegate.swift */ = {isa = PBXFileReference; lastKnownFileType = sourcecode.swift; path = SceneDelegate.swift; sourceTree = "<group>"; };
		456B52AD2C36345300F2C6D6 /* ViewController.swift */ = {isa = PBXFileReference; lastKnownFileType = sourcecode.swift; path = ViewController.swift; sourceTree = "<group>"; };
		456B52B02C36345300F2C6D6 /* Base */ = {isa = PBXFileReference; lastKnownFileType = file.storyboard; name = Base; path = Base.lproj/Main.storyboard; sourceTree = "<group>"; };
		456B52B22C36345500F2C6D6 /* Assets.xcassets */ = {isa = PBXFileReference; lastKnownFileType = folder.assetcatalog; path = Assets.xcassets; sourceTree = "<group>"; };
		456B52B52C36345500F2C6D6 /* Base */ = {isa = PBXFileReference; lastKnownFileType = file.storyboard; name = Base; path = Base.lproj/LaunchScreen.storyboard; sourceTree = "<group>"; };
		456B52B72C36345500F2C6D6 /* Info.plist */ = {isa = PBXFileReference; lastKnownFileType = text.plist.xml; path = Info.plist; sourceTree = "<group>"; };
		456B52BF2C3635EA00F2C6D6 /* CarViewController.swift */ = {isa = PBXFileReference; lastKnownFileType = sourcecode.swift; path = CarViewController.swift; sourceTree = "<group>"; };
		4585D8B72C373A4900391AEF /* AssignTableViewController.swift */ = {isa = PBXFileReference; lastKnownFileType = sourcecode.swift; path = AssignTableViewController.swift; sourceTree = "<group>"; };
/* End PBXFileReference section */

/* Begin PBXFrameworksBuildPhase section */
		456B52A32C36345300F2C6D6 /* Frameworks */ = {
			isa = PBXFrameworksBuildPhase;
			buildActionMask = 2147483647;
			files = (
			);
			runOnlyForDeploymentPostprocessing = 0;
		};
/* End PBXFrameworksBuildPhase section */

/* Begin PBXGroup section */
		456B529D2C36345300F2C6D6 = {
			isa = PBXGroup;
			children = (
				456B52A82C36345300F2C6D6 /* Lab6 */,
				456B52A72C36345300F2C6D6 /* Products */,
			);
			sourceTree = "<group>";
		};
		456B52A72C36345300F2C6D6 /* Products */ = {
			isa = PBXGroup;
			children = (
				456B52A62C36345300F2C6D6 /* Lab6.app */,
			);
			name = Products;
			sourceTree = "<group>";
		};
		456B52A82C36345300F2C6D6 /* Lab6 */ = {
			isa = PBXGroup;
			children = (
				456B52A92C36345300F2C6D6 /* AppDelegate.swift */,
				456B52AB2C36345300F2C6D6 /* SceneDelegate.swift */,
				456B52AD2C36345300F2C6D6 /* ViewController.swift */,
				4585D8B72C373A4900391AEF /* AssignTableViewController.swift */,
				456B52AF2C36345300F2C6D6 /* Main.storyboard */,
				451E1DF92C3C683A00C57855 /* carViewCell.swift */,
				451E1DF72C3C587700C57855 /* AddfriendTableViewCell.swift */,
				451CE39D2C3BB55500744ABB /* FriendsPageViewController.swift */,
				451CE3992C3BB04C00744ABB /* TodoViewController.swift */,
				456B52BF2C3635EA00F2C6D6 /* CarViewController.swift */,
				456B52B22C36345500F2C6D6 /* Assets.xcassets */,
				456B52B42C36345500F2C6D6 /* LaunchScreen.storyboard */,
				456B52B72C36345500F2C6D6 /* Info.plist */,
			);
			path = Lab6;
			sourceTree = "<group>";
		};
/* End PBXGroup section */

/* Begin PBXNativeTarget section */
		456B52A52C36345300F2C6D6 /* Lab6 */ = {
			isa = PBXNativeTarget;
			buildConfigurationList = 456B52BA2C36345500F2C6D6 /* Build configuration list for PBXNativeTarget "Lab6" */;
			buildPhases = (
				456B52A22C36345300F2C6D6 /* Sources */,
				456B52A32C36345300F2C6D6 /* Frameworks */,
				456B52A42C36345300F2C6D6 /* Resources */,
			);
			buildRules = (
			);
			dependencies = (
			);
			name = Lab6;
			productName = Lab6;
			productReference = 456B52A62C36345300F2C6D6 /* Lab6.app */;
			productType = "com.apple.product-type.application";
		};
/* End PBXNativeTarget section */

/* Begin PBXProject section */
		456B529E2C36345300F2C6D6 /* Project object */ = {
			isa = PBXProject;
			attributes = {
				BuildIndependentTargetsInParallel = 1;
				LastSwiftUpdateCheck = 1420;
				LastUpgradeCheck = 1420;
				TargetAttributes = {
					456B52A52C36345300F2C6D6 = {
						CreatedOnToolsVersion = 14.2;
					};
				};
			};
			buildConfigurationList = 456B52A12C36345300F2C6D6 /* Build configuration list for PBXProject "Lab6" */;
			compatibilityVersion = "Xcode 14.0";
			developmentRegion = en;
			hasScannedForEncodings = 0;
			knownRegions = (
				en,
				Base,
			);
			mainGroup = 456B529D2C36345300F2C6D6;
			productRefGroup = 456B52A72C36345300F2C6D6 /* Products */;
			projectDirPath = "";
			projectRoot = "";
			targets = (
				456B52A52C36345300F2C6D6 /* Lab6 */,
			);
		};
/* End PBXProject section */

/* Begin PBXResourcesBuildPhase section */
		456B52A42C36345300F2C6D6 /* Resources */ = {
			isa = PBXResourcesBuildPhase;
			buildActionMask = 2147483647;
			files = (
				456B52B62C36345500F2C6D6 /* LaunchScreen.storyboard in Resources */,
				456B52B32C36345500F2C6D6 /* Assets.xcassets in Resources */,
				456B52B12C36345300F2C6D6 /* Main.storyboard in Resources */,
			);
			runOnlyForDeploymentPostprocessing = 0;
		};
/* End PBXResourcesBuildPhase section */

/* Begin PBXSourcesBuildPhase section */
		456B52A22C36345300F2C6D6 /* Sources */ = {
			isa = PBXSourcesBuildPhase;
			buildActionMask = 2147483647;
			files = (
				451E1DFA2C3C683A00C57855 /* carViewCell.swift in Sources */,
				456B52AE2C36345300F2C6D6 /* ViewController.swift in Sources */,
				456B52AA2C36345300F2C6D6 /* AppDelegate.swift in Sources */,
				451CE39E2C3BB55500744ABB /* FriendsPageViewController.swift in Sources */,
				451E1DF82C3C587700C57855 /* AddfriendTableViewCell.swift in Sources */,
				451CE39A2C3BB04C00744ABB /* TodoViewController.swift in Sources */,
				4585D8B82C373A4900391AEF /* AssignTableViewController.swift in Sources */,
				456B52AC2C36345300F2C6D6 /* SceneDelegate.swift in Sources */,
				456B52C02C3635EA00F2C6D6 /* CarViewController.swift in Sources */,
			);
			runOnlyForDeploymentPostprocessing = 0;
		};
/* End PBXSourcesBuildPhase section */

/* Begin PBXVariantGroup section */
		456B52AF2C36345300F2C6D6 /* Main.storyboard */ = {
			isa = PBXVariantGroup;
			children = (
				456B52B02C36345300F2C6D6 /* Base */,
			);
			name = Main.storyboard;
			sourceTree = "<group>";
		};
		456B52B42C36345500F2C6D6 /* LaunchScreen.storyboard */ = {
			isa = PBXVariantGroup;
			children = (
				456B52B52C36345500F2C6D6 /* Base */,
			);
			name = LaunchScreen.storyboard;
			sourceTree = "<group>";
		};
/* End PBXVariantGroup section */

/* Begin XCBuildConfiguration section */
		456B52B82C36345500F2C6D6 /* Debug */ = {
			isa = XCBuildConfiguration;
			buildSettings = {
				ALWAYS_SEARCH_USER_PATHS = NO;
				CLANG_ANALYZER_NONNULL = YES;
				CLANG_ANALYZER_NUMBER_OBJECT_CONVERSION = YES_AGGRESSIVE;
				CLANG_CXX_LANGUAGE_STANDARD = "gnu++20";
				CLANG_ENABLE_MODULES = YES;
				CLANG_ENABLE_OBJC_ARC = YES;
				CLANG_ENABLE_OBJC_WEAK = YES;
				CLANG_WARN_BLOCK_CAPTURE_AUTORELEASING = YES;
				CLANG_WARN_BOOL_CONVERSION = YES;
				CLANG_WARN_COMMA = YES;
				CLANG_WARN_CONSTANT_CONVERSION = YES;
				CLANG_WARN_DEPRECATED_OBJC_IMPLEMENTATIONS = YES;
				CLANG_WARN_DIRECT_OBJC_ISA_USAGE = YES_ERROR;
				CLANG_WARN_DOCUMENTATION_COMMENTS = YES;
				CLANG_WARN_EMPTY_BODY = YES;
				CLANG_WARN_ENUM_CONVERSION = YES;
				CLANG_WARN_INFINITE_RECURSION = YES;
				CLANG_WARN_INT_CONVERSION = YES;
				CLANG_WARN_NON_LITERAL_NULL_CONVERSION = YES;
				CLANG_WARN_OBJC_IMPLICIT_RETAIN_SELF = YES;
				CLANG_WARN_OBJC_LITERAL_CONVERSION = YES;
				CLANG_WARN_OBJC_ROOT_CLASS = YES_ERROR;
				CLANG_WARN_QUOTED_INCLUDE_IN_FRAMEWORK_HEADER = YES;
				CLANG_WARN_RANGE_LOOP_ANALYSIS = YES;
				CLANG_WARN_STRICT_PROTOTYPES = YES;
				CLANG_WARN_SUSPICIOUS_MOVE = YES;
				CLANG_WARN_UNGUARDED_AVAILABILITY = YES_AGGRESSIVE;
				CLANG_WARN_UNREACHABLE_CODE = YES;
				CLANG_WARN__DUPLICATE_METHOD_MATCH = YES;
				COPY_PHASE_STRIP = NO;
				DEBUG_INFORMATION_FORMAT = dwarf;
				ENABLE_STRICT_OBJC_MSGSEND = YES;
				ENABLE_TESTABILITY = YES;
				GCC_C_LANGUAGE_STANDARD = gnu11;
				GCC_DYNAMIC_NO_PIC = NO;
				GCC_NO_COMMON_BLOCKS = YES;
				GCC_OPTIMIZATION_LEVEL = 0;
				GCC_PREPROCESSOR_DEFINITIONS = (
					"DEBUG=1",
					"$(inherited)",
				);
				GCC_WARN_64_TO_32_BIT_CONVERSION = YES;
				GCC_WARN_ABOUT_RETURN_TYPE = YES_ERROR;
				GCC_WARN_UNDECLARED_SELECTOR = YES;
				GCC_WARN_UNINITIALIZED_AUTOS = YES_AGGRESSIVE;
				GCC_WARN_UNUSED_FUNCTION = YES;
				GCC_WARN_UNUSED_VARIABLE = YES;
				IPHONEOS_DEPLOYMENT_TARGET = 16.2;
				MTL_ENABLE_DEBUG_INFO = INCLUDE_SOURCE;
				MTL_FAST_MATH = YES;
				ONLY_ACTIVE_ARCH = YES;
				SDKROOT = iphoneos;
				SWIFT_ACTIVE_COMPILATION_CONDITIONS = DEBUG;
				SWIFT_OPTIMIZATION_LEVEL = "-Onone";
			};
			name = Debug;
		};
		456B52B92C36345500F2C6D6 /* Release */ = {
			isa = XCBuildConfiguration;
			buildSettings = {
				ALWAYS_SEARCH_USER_PATHS = NO;
				CLANG_ANALYZER_NONNULL = YES;
				CLANG_ANALYZER_NUMBER_OBJECT_CONVERSION = YES_AGGRESSIVE;
				CLANG_CXX_LANGUAGE_STANDARD = "gnu++20";
				CLANG_ENABLE_MODULES = YES;
				CLANG_ENABLE_OBJC_ARC = YES;
				CLANG_ENABLE_OBJC_WEAK = YES;
				CLANG_WARN_BLOCK_CAPTURE_AUTORELEASING = YES;
				CLANG_WARN_BOOL_CONVERSION = YES;
				CLANG_WARN_COMMA = YES;
				CLANG_WARN_CONSTANT_CONVERSION = YES;
				CLANG_WARN_DEPRECATED_OBJC_IMPLEMENTATIONS = YES;
				CLANG_WARN_DIRECT_OBJC_ISA_USAGE = YES_ERROR;
				CLANG_WARN_DOCUMENTATION_COMMENTS = YES;
				CLANG_WARN_EMPTY_BODY = YES;
				CLANG_WARN_ENUM_CONVERSION = YES;
				CLANG_WARN_INFINITE_RECURSION = YES;
				CLANG_WARN_INT_CONVERSION = YES;
				CLANG_WARN_NON_LITERAL_NULL_CONVERSION = YES;
				CLANG_WARN_OBJC_IMPLICIT_RETAIN_SELF = YES;
				CLANG_WARN_OBJC_LITERAL_CONVERSION = YES;
				CLANG_WARN_OBJC_ROOT_CLASS = YES_ERROR;
				CLANG_WARN_QUOTED_INCLUDE_IN_FRAMEWORK_HEADER = YES;
				CLANG_WARN_RANGE_LOOP_ANALYSIS = YES;
				CLANG_WARN_STRICT_PROTOTYPES = YES;
				CLANG_WARN_SUSPICIOUS_MOVE = YES;
				CLANG_WARN_UNGUARDED_AVAILABILITY = YES_AGGRESSIVE;
				CLANG_WARN_UNREACHABLE_CODE = YES;
				CLANG_WARN__DUPLICATE_METHOD_MATCH = YES;
				COPY_PHASE_STRIP = NO;
				DEBUG_INFORMATION_FORMAT = "dwarf-with-dsym";
				ENABLE_NS_ASSERTIONS = NO;
				ENABLE_STRICT_OBJC_MSGSEND = YES;
				GCC_C_LANGUAGE_STANDARD = gnu11;
				GCC_NO_COMMON_BLOCKS = YES;
				GCC_WARN_64_TO_32_BIT_CONVERSION = YES;
				GCC_WARN_ABOUT_RETURN_TYPE = YES_ERROR;
				GCC_WARN_UNDECLARED_SELECTOR = YES;
				GCC_WARN_UNINITIALIZED_AUTOS = YES_AGGRESSIVE;
				GCC_WARN_UNUSED_FUNCTION = YES;
				GCC_WARN_UNUSED_VARIABLE = YES;
				IPHONEOS_DEPLOYMENT_TARGET = 16.2;
				MTL_ENABLE_DEBUG_INFO = NO;
				MTL_FAST_MATH = YES;
				SDKROOT = iphoneos;
				SWIFT_COMPILATION_MODE = wholemodule;
				SWIFT_OPTIMIZATION_LEVEL = "-O";
				VALIDATE_PRODUCT = YES;
			};
			name = Release;
		};
		456B52BB2C36345500F2C6D6 /* Debug */ = {
			isa = XCBuildConfiguration;
			buildSettings = {
				ASSETCATALOG_COMPILER_APPICON_NAME = AppIcon;
				ASSETCATALOG_COMPILER_GLOBAL_ACCENT_COLOR_NAME = AccentColor;
				CODE_SIGN_STYLE = Automatic;
				CURRENT_PROJECT_VERSION = 1;
				GENERATE_INFOPLIST_FILE = YES;
				INFOPLIST_FILE = Lab6/Info.plist;
				INFOPLIST_KEY_UIApplicationSupportsIndirectInputEvents = YES;
				INFOPLIST_KEY_UILaunchStoryboardName = LaunchScreen;
				INFOPLIST_KEY_UIMainStoryboardFile = Main;
				INFOPLIST_KEY_UISupportedInterfaceOrientations_iPad = "UIInterfaceOrientationPortrait UIInterfaceOrientationPortraitUpsideDown UIInterfaceOrientationLandscapeLeft UIInterfaceOrientationLandscapeRight";
				INFOPLIST_KEY_UISupportedInterfaceOrientations_iPhone = "UIInterfaceOrientationPortrait UIInterfaceOrientationLandscapeLeft UIInterfaceOrientationLandscapeRight";
				LD_RUNPATH_SEARCH_PATHS = (
					"$(inherited)",
					"@executable_path/Frameworks",
				);
				MARKETING_VERSION = 1.0;
				PRODUCT_BUNDLE_IDENTIFIER = com.Shyam.Lab6;
				PRODUCT_NAME = "$(TARGET_NAME)";
				SWIFT_EMIT_LOC_STRINGS = YES;
				SWIFT_VERSION = 5.0;
				TARGETED_DEVICE_FAMILY = "1,2";
			};
			name = Debug;
		};
		456B52BC2C36345500F2C6D6 /* Release */ = {
			isa = XCBuildConfiguration;
			buildSettings = {
				ASSETCATALOG_COMPILER_APPICON_NAME = AppIcon;
				ASSETCATALOG_COMPILER_GLOBAL_ACCENT_COLOR_NAME = AccentColor;
				CODE_SIGN_STYLE = Automatic;
				CURRENT_PROJECT_VERSION = 1;
				GENERATE_INFOPLIST_FILE = YES;
				INFOPLIST_FILE = Lab6/Info.plist;
				INFOPLIST_KEY_UIApplicationSupportsIndirectInputEvents = YES;
				INFOPLIST_KEY_UILaunchStoryboardName = LaunchScreen;
				INFOPLIST_KEY_UIMainStoryboardFile = Main;
				INFOPLIST_KEY_UISupportedInterfaceOrientations_iPad = "UIInterfaceOrientationPortrait UIInterfaceOrientationPortraitUpsideDown UIInterfaceOrientationLandscapeLeft UIInterfaceOrientationLandscapeRight";
				INFOPLIST_KEY_UISupportedInterfaceOrientations_iPhone = "UIInterfaceOrientationPortrait UIInterfaceOrientationLandscapeLeft UIInterfaceOrientationLandscapeRight";
				LD_RUNPATH_SEARCH_PATHS = (
					"$(inherited)",
					"@executable_path/Frameworks",
				);
				MARKETING_VERSION = 1.0;
				PRODUCT_BUNDLE_IDENTIFIER = com.Shyam.Lab6;
				PRODUCT_NAME = "$(TARGET_NAME)";
				SWIFT_EMIT_LOC_STRINGS = YES;
				SWIFT_VERSION = 5.0;
				TARGETED_DEVICE_FAMILY = "1,2";
			};
			name = Release;
		};
/* End XCBuildConfiguration section */

/* Begin XCConfigurationList section */
		456B52A12C36345300F2C6D6 /* Build configuration list for PBXProject "Lab6" */ = {
			isa = XCConfigurationList;
			buildConfigurations = (
				456B52B82C36345500F2C6D6 /* Debug */,
				456B52B92C36345500F2C6D6 /* Release */,
			);
			defaultConfigurationIsVisible = 0;
			defaultConfigurationName = Release;
		};
		456B52BA2C36345500F2C6D6 /* Build configuration list for PBXNativeTarget "Lab6" */ = {
			isa = XCConfigurationList;
			buildConfigurations = (
				456B52BB2C36345500F2C6D6 /* Debug */,
				456B52BC2C36345500F2C6D6 /* Release */,
			);
			defaultConfigurationIsVisible = 0;
			defaultConfigurationName = Release;
		};
/* End XCConfigurationList section */
	};
	rootObject = 456B529E2C36345300F2C6D6 /* Project object */;
}
